
Microsoft Visual Studio Solution File, Format Version 12.00
# Visual Studio Version 16
VisualStudioVersion = 16.0.29326.143
MinimumVisualStudioVersion = 10.0.40219.1
Project("{FAE04EC0-301F-11D3-BF4B-00C04F79EFBC}") = "Lab3_homework4", "Lab3_homework4\Lab3_homework4.csproj", "{560CA23B-2BCB-4747-AA71-F628DFF5452B}"
EndProject
Global
	GlobalSection(SolutionConfigurationPlatforms) = preSolution
		Debug|Any CPU = Debug|Any CPU
		Release|Any CPU = Release|Any CPU
	EndGlobalSection
	GlobalSection(ProjectConfigurationPlatforms) = postSolution
		{560CA23B-2BCB-4747-AA71-F628DFF5452B}.Debug|Any CPU.ActiveCfg = Debug|Any CPU
		{560CA23B-2BCB-4747-AA71-F628DFF5452B}.Debug|Any CPU.Build.0 = Debug|Any CPU
		{560CA23B-2BCB-4747-AA71-F628DFF5452B}.Release|Any CPU.ActiveCfg = Release|Any CPU
		{560CA23B-2BCB-4747-AA71-F628DFF5452B}.Release|Any CPU.Build.0 = Release|Any CPU
	EndGlobalSection
	GlobalSection(SolutionProperties) = preSolution
		HideSolutionNode = FALSE
	EndGlobalSection
	GlobalSection(ExtensibilityGlobals) = postSolution
		SolutionGuid = {AFC3F778-74AD-440A-A81E-AD0095C8E9FA}
	EndGlobalSection
EndGlobal
